
Microsoft Visual Studio Solution File, Format Version 12.00
# Visual Studio Version 16
VisualStudioVersion = 16.0.30002.166
MinimumVisualStudioVersion = 10.0.40219.1
Project("{FAE04EC0-301F-11D3-BF4B-00C04F79EFBC}") = "RemoteComputerControl", "RemoteComputerControl.csproj", "{08CAAA32-5618-413C-AF97-A5188B84607B}"
EndProject
Global
	GlobalSection(SolutionConfigurationPlatforms) = preSolution
		Debug|Any CPU = Debug|Any CPU
		Release|Any CPU = Release|Any CPU
	EndGlobalSection
	GlobalSection(ProjectConfigurationPlatforms) = postSolution
		{08CAAA32-5618-413C-AF97-A5188B84607B}.Debug|Any CPU.ActiveCfg = Debug|Any CPU
		{08CAAA32-5618-413C-AF97-A5188B84607B}.Debug|Any CPU.Build.0 = Debug|Any CPU
		{08CAAA32-5618-413C-AF97-A5188B84607B}.Release|Any CPU.ActiveCfg = Release|Any CPU
		{08CAAA32-5618-413C-AF97-A5188B84607B}.Release|Any CPU.Build.0 = Release|Any CPU
	EndGlobalSection
	GlobalSection(SolutionProperties) = preSolution
		HideSolutionNode = FALSE
	EndGlobalSection
	GlobalSection(ExtensibilityGlobals) = postSolution
		SolutionGuid = {882123CD-67FA-4000-90B4-EB4B7C7611A6}
	EndGlobalSection
EndGlobal
